// !$*UTF8*$!
{
	archiveVersion = 1;
	classes = {
	};
	objectVersion = 46;
	objects = {

/* Begin PBXBuildFile section */
		CE0979741D57EAD4008A8DEB /* Model.swift in Sources */ = {isa = PBXBuildFile; fileRef = CE0979731D57EAD4008A8DEB /* Model.swift */; };
		CE232B4B1D874FFE00D92A6C /* SwiftyJSON.swift in Sources */ = {isa = PBXBuildFile; fileRef = CE232B4A1D874FFE00D92A6C /* SwiftyJSON.swift */; };
		CE232B4D1D87504C00D92A6C /* DataManager.swift in Sources */ = {isa = PBXBuildFile; fileRef = CE232B4C1D87504C00D92A6C /* DataManager.swift */; };
		CE232B951D8C79A100D92A6C /* Alamofire.framework in Frameworks */ = {isa = PBXBuildFile; fileRef = CE232B8E1D8C798400D92A6C /* Alamofire.framework */; };
		CE232B961D8C79A100D92A6C /* Alamofire.framework in Embed Frameworks */ = {isa = PBXBuildFile; fileRef = CE232B8E1D8C798400D92A6C /* Alamofire.framework */; settings = {ATTRIBUTES = (CodeSignOnCopy, RemoveHeadersOnCopy, ); }; };
		CE232B9A1D8C7FAC00D92A6C /* MessageViewController.swift in Sources */ = {isa = PBXBuildFile; fileRef = CE232B991D8C7FAC00D92A6C /* MessageViewController.swift */; };
		CE2482431D6C807E00E96E4F /* BloodPressureViewController.swift in Sources */ = {isa = PBXBuildFile; fileRef = CE2482421D6C807E00E96E4F /* BloodPressureViewController.swift */; };
		CE2482451D6C89D200E96E4F /* WeightViewController.swift in Sources */ = {isa = PBXBuildFile; fileRef = CE2482441D6C89D200E96E4F /* WeightViewController.swift */; };
		CE2482471D6C8D6300E96E4F /* AlcoholViewController.swift in Sources */ = {isa = PBXBuildFile; fileRef = CE2482461D6C8D6300E96E4F /* AlcoholViewController.swift */; };
		CE2482491D6C90BE00E96E4F /* DietViewController.swift in Sources */ = {isa = PBXBuildFile; fileRef = CE2482481D6C90BE00E96E4F /* DietViewController.swift */; };
		CE24824B1D6C93C400E96E4F /* StressViewController.swift in Sources */ = {isa = PBXBuildFile; fileRef = CE24824A1D6C93C400E96E4F /* StressViewController.swift */; };
		CE24824D1D6C96B500E96E4F /* SmokeViewController.swift in Sources */ = {isa = PBXBuildFile; fileRef = CE24824C1D6C96B500E96E4F /* SmokeViewController.swift */; };
		CE4FA2241D8F368B00EAA712 /* blue.jpg in Resources */ = {isa = PBXBuildFile; fileRef = CE4FA2231D8F368B00EAA712 /* blue.jpg */; };
		CE4FA2261D8F3B6300EAA712 /* check.png in Resources */ = {isa = PBXBuildFile; fileRef = CE4FA2251D8F3B6300EAA712 /* check.png */; };
		CE5B169A1D819C6A00C60562 /* CustomCell.xib in Resources */ = {isa = PBXBuildFile; fileRef = CE5B16991D819C6A00C60562 /* CustomCell.xib */; };
		CE5B169C1D81B2A000C60562 /* InboxViewController.swift in Sources */ = {isa = PBXBuildFile; fileRef = CE5B169B1D81B2A000C60562 /* InboxViewController.swift */; };
		CE5B169E1D83620900C60562 /* SentViewController.swift in Sources */ = {isa = PBXBuildFile; fileRef = CE5B169D1D83620900C60562 /* SentViewController.swift */; };
		CE5B16A11D8368EC00C60562 /* InboxTableViewCell.swift in Sources */ = {isa = PBXBuildFile; fileRef = CE5B16A01D8368EC00C60562 /* InboxTableViewCell.swift */; };
		CE5B16A31D836B2C00C60562 /* SentTableViewCell.swift in Sources */ = {isa = PBXBuildFile; fileRef = CE5B16A21D836B2C00C60562 /* SentTableViewCell.swift */; };
		CE5CA6E51D6A073600C6263C /* DataEntryViewController.swift in Sources */ = {isa = PBXBuildFile; fileRef = CE5CA6E41D6A073600C6263C /* DataEntryViewController.swift */; };
		CE5CA6E71D6A07E700C6263C /* GameViewController.swift in Sources */ = {isa = PBXBuildFile; fileRef = CE5CA6E61D6A07E700C6263C /* GameViewController.swift */; };
		CE5CA6E91D6A080E00C6263C /* HealthHistory.swift in Sources */ = {isa = PBXBuildFile; fileRef = CE5CA6E81D6A080E00C6263C /* HealthHistory.swift */; };
		CE5CA6EB1D6A084A00C6263C /* DoctorContactViewController.swift in Sources */ = {isa = PBXBuildFile; fileRef = CE5CA6EA1D6A084A00C6263C /* DoctorContactViewController.swift */; };
		CEA1DF2B1D21919D0040A32B /* AppDelegate.swift in Sources */ = {isa = PBXBuildFile; fileRef = CEA1DF2A1D21919D0040A32B /* AppDelegate.swift */; };
		CEA1DF2E1D21919D0040A32B /* HeartLink.xcdatamodeld in Sources */ = {isa = PBXBuildFile; fileRef = CEA1DF2C1D21919D0040A32B /* HeartLink.xcdatamodeld */; };
		CEA1DF301D21919D0040A32B /* WelcomeViewController.swift in Sources */ = {isa = PBXBuildFile; fileRef = CEA1DF2F1D21919D0040A32B /* WelcomeViewController.swift */; };
		CEA1DF331D21919D0040A32B /* Main.storyboard in Resources */ = {isa = PBXBuildFile; fileRef = CEA1DF311D21919D0040A32B /* Main.storyboard */; };
		CEA1DF351D21919D0040A32B /* Images.xcassets in Resources */ = {isa = PBXBuildFile; fileRef = CEA1DF341D21919D0040A32B /* Images.xcassets */; };
		CEA1DF381D21919D0040A32B /* LaunchScreen.xib in Resources */ = {isa = PBXBuildFile; fileRef = CEA1DF361D21919D0040A32B /* LaunchScreen.xib */; };
		CEA1DF441D21919D0040A32B /* HeartLinkTests.swift in Sources */ = {isa = PBXBuildFile; fileRef = CEA1DF431D21919D0040A32B /* HeartLinkTests.swift */; };
/* End PBXBuildFile section */

/* Begin PBXContainerItemProxy section */
		CE232B8D1D8C798400D92A6C /* PBXContainerItemProxy */ = {
			isa = PBXContainerItemProxy;
			containerPortal = CE232B861D8C798400D92A6C /* Alamofire.xcodeproj */;
			proxyType = 2;
			remoteGlobalIDString = F8111E3319A95C8B0040E7D1;
			remoteInfo = "Alamofire iOS";
		};
		CE232B8F1D8C798400D92A6C /* PBXContainerItemProxy */ = {
			isa = PBXContainerItemProxy;
			containerPortal = CE232B861D8C798400D92A6C /* Alamofire.xcodeproj */;
			proxyType = 2;
			remoteGlobalIDString = 4DD67C0B1A5C55C900ED2280;
			remoteInfo = "Alamofire OSX";
		};
		CE232B911D8C798400D92A6C /* PBXContainerItemProxy */ = {
			isa = PBXContainerItemProxy;
			containerPortal = CE232B861D8C798400D92A6C /* Alamofire.xcodeproj */;
			proxyType = 2;
			remoteGlobalIDString = F8111E3E19A95C8B0040E7D1;
			remoteInfo = "Alamofire iOS Tests";
		};
		CE232B931D8C798400D92A6C /* PBXContainerItemProxy */ = {
			isa = PBXContainerItemProxy;
			containerPortal = CE232B861D8C798400D92A6C /* Alamofire.xcodeproj */;
			proxyType = 2;
			remoteGlobalIDString = F829C6B21A7A94F100A2CD59;
			remoteInfo = "Alamofire OSX Tests";
		};
		CE232B971D8C79A100D92A6C /* PBXContainerItemProxy */ = {
			isa = PBXContainerItemProxy;
			containerPortal = CE232B861D8C798400D92A6C /* Alamofire.xcodeproj */;
			proxyType = 1;
			remoteGlobalIDString = F8111E3219A95C8B0040E7D1;
			remoteInfo = "Alamofire iOS";
		};
		CEA1DF3E1D21919D0040A32B /* PBXContainerItemProxy */ = {
			isa = PBXContainerItemProxy;
			containerPortal = CEA1DF1D1D21919D0040A32B /* Project object */;
			proxyType = 1;
			remoteGlobalIDString = CEA1DF241D21919D0040A32B;
			remoteInfo = HeartLink;
		};
/* End PBXContainerItemProxy section */

/* Begin PBXCopyFilesBuildPhase section */
		CE232B831D8758B800D92A6C /* Embed Frameworks */ = {
			isa = PBXCopyFilesBuildPhase;
			buildActionMask = 2147483647;
			dstPath = "";
			dstSubfolderSpec = 10;
			files = (
				CE232B961D8C79A100D92A6C /* Alamofire.framework in Embed Frameworks */,
			);
			name = "Embed Frameworks";
			runOnlyForDeploymentPostprocessing = 0;
		};
/* End PBXCopyFilesBuildPhase section */

/* Begin PBXFileReference section */
		CE0979731D57EAD4008A8DEB /* Model.swift */ = {isa = PBXFileReference; fileEncoding = 4; lastKnownFileType = sourcecode.swift; path = Model.swift; sourceTree = "<group>"; };
		CE232B4A1D874FFE00D92A6C /* SwiftyJSON.swift */ = {isa = PBXFileReference; fileEncoding = 4; lastKnownFileType = sourcecode.swift; path = SwiftyJSON.swift; sourceTree = "<group>"; };
		CE232B4C1D87504C00D92A6C /* DataManager.swift */ = {isa = PBXFileReference; fileEncoding = 4; lastKnownFileType = sourcecode.swift; path = DataManager.swift; sourceTree = "<group>"; };
		CE232B861D8C798400D92A6C /* Alamofire.xcodeproj */ = {isa = PBXFileReference; lastKnownFileType = "wrapper.pb-project"; name = Alamofire.xcodeproj; path = "Alamofire-master/Alamofire.xcodeproj"; sourceTree = "<group>"; };
		CE232B991D8C7FAC00D92A6C /* MessageViewController.swift */ = {isa = PBXFileReference; fileEncoding = 4; lastKnownFileType = sourcecode.swift; path = MessageViewController.swift; sourceTree = "<group>"; };
		CE2482421D6C807E00E96E4F /* BloodPressureViewController.swift */ = {isa = PBXFileReference; fileEncoding = 4; lastKnownFileType = sourcecode.swift; path = BloodPressureViewController.swift; sourceTree = "<group>"; };
		CE2482441D6C89D200E96E4F /* WeightViewController.swift */ = {isa = PBXFileReference; fileEncoding = 4; lastKnownFileType = sourcecode.swift; path = WeightViewController.swift; sourceTree = "<group>"; };
		CE2482461D6C8D6300E96E4F /* AlcoholViewController.swift */ = {isa = PBXFileReference; fileEncoding = 4; lastKnownFileType = sourcecode.swift; path = AlcoholViewController.swift; sourceTree = "<group>"; };
		CE2482481D6C90BE00E96E4F /* DietViewController.swift */ = {isa = PBXFileReference; fileEncoding = 4; lastKnownFileType = sourcecode.swift; path = DietViewController.swift; sourceTree = "<group>"; };
		CE24824A1D6C93C400E96E4F /* StressViewController.swift */ = {isa = PBXFileReference; fileEncoding = 4; lastKnownFileType = sourcecode.swift; path = StressViewController.swift; sourceTree = "<group>"; };
		CE24824C1D6C96B500E96E4F /* SmokeViewController.swift */ = {isa = PBXFileReference; fileEncoding = 4; lastKnownFileType = sourcecode.swift; path = SmokeViewController.swift; sourceTree = "<group>"; };
		CE4FA2231D8F368B00EAA712 /* blue.jpg */ = {isa = PBXFileReference; lastKnownFileType = image.jpeg; name = blue.jpg; path = Images.xcassets/blue.jpg; sourceTree = "<group>"; };
		CE4FA2251D8F3B6300EAA712 /* check.png */ = {isa = PBXFileReference; lastKnownFileType = image.png; name = check.png; path = Images.xcassets/check.png; sourceTree = "<group>"; };
		CE5B16991D819C6A00C60562 /* CustomCell.xib */ = {isa = PBXFileReference; fileEncoding = 4; lastKnownFileType = file.xib; path = CustomCell.xib; sourceTree = "<group>"; };
		CE5B169B1D81B2A000C60562 /* InboxViewController.swift */ = {isa = PBXFileReference; fileEncoding = 4; lastKnownFileType = sourcecode.swift; path = InboxViewController.swift; sourceTree = "<group>"; };
		CE5B169D1D83620900C60562 /* SentViewController.swift */ = {isa = PBXFileReference; fileEncoding = 4; lastKnownFileType = sourcecode.swift; path = SentViewController.swift; sourceTree = "<group>"; };
		CE5B16A01D8368EC00C60562 /* InboxTableViewCell.swift */ = {isa = PBXFileReference; fileEncoding = 4; lastKnownFileType = sourcecode.swift; path = InboxTableViewCell.swift; sourceTree = "<group>"; };
		CE5B16A21D836B2C00C60562 /* SentTableViewCell.swift */ = {isa = PBXFileReference; fileEncoding = 4; lastKnownFileType = sourcecode.swift; path = SentTableViewCell.swift; sourceTree = "<group>"; };
		CE5CA6E41D6A073600C6263C /* DataEntryViewController.swift */ = {isa = PBXFileReference; fileEncoding = 4; lastKnownFileType = sourcecode.swift; path = DataEntryViewController.swift; sourceTree = "<group>"; };
		CE5CA6E61D6A07E700C6263C /* GameViewController.swift */ = {isa = PBXFileReference; fileEncoding = 4; lastKnownFileType = sourcecode.swift; path = GameViewController.swift; sourceTree = "<group>"; };
		CE5CA6E81D6A080E00C6263C /* HealthHistory.swift */ = {isa = PBXFileReference; fileEncoding = 4; lastKnownFileType = sourcecode.swift; path = HealthHistory.swift; sourceTree = "<group>"; };
		CE5CA6EA1D6A084A00C6263C /* DoctorContactViewController.swift */ = {isa = PBXFileReference; fileEncoding = 4; lastKnownFileType = sourcecode.swift; path = DoctorContactViewController.swift; sourceTree = "<group>"; };
		CEA1DF251D21919D0040A32B /* HeartLink.app */ = {isa = PBXFileReference; explicitFileType = wrapper.application; includeInIndex = 0; path = HeartLink.app; sourceTree = BUILT_PRODUCTS_DIR; };
		CEA1DF291D21919D0040A32B /* Info.plist */ = {isa = PBXFileReference; lastKnownFileType = text.plist.xml; path = Info.plist; sourceTree = "<group>"; };
		CEA1DF2A1D21919D0040A32B /* AppDelegate.swift */ = {isa = PBXFileReference; lastKnownFileType = sourcecode.swift; path = AppDelegate.swift; sourceTree = "<group>"; };
		CEA1DF2D1D21919D0040A32B /* HeartLink.xcdatamodel */ = {isa = PBXFileReference; lastKnownFileType = wrapper.xcdatamodel; path = HeartLink.xcdatamodel; sourceTree = "<group>"; };
		CEA1DF2F1D21919D0040A32B /* WelcomeViewController.swift */ = {isa = PBXFileReference; lastKnownFileType = sourcecode.swift; path = WelcomeViewController.swift; sourceTree = "<group>"; };
		CEA1DF321D21919D0040A32B /* Base */ = {isa = PBXFileReference; lastKnownFileType = file.storyboard; name = Base; path = Base.lproj/Main.storyboard; sourceTree = "<group>"; };
		CEA1DF341D21919D0040A32B /* Images.xcassets */ = {isa = PBXFileReference; lastKnownFileType = folder.assetcatalog; path = Images.xcassets; sourceTree = "<group>"; };
		CEA1DF371D21919D0040A32B /* Base */ = {isa = PBXFileReference; lastKnownFileType = file.xib; name = Base; path = Base.lproj/LaunchScreen.xib; sourceTree = "<group>"; };
		CEA1DF3D1D21919D0040A32B /* HeartLinkTests.xctest */ = {isa = PBXFileReference; explicitFileType = wrapper.cfbundle; includeInIndex = 0; path = HeartLinkTests.xctest; sourceTree = BUILT_PRODUCTS_DIR; };
		CEA1DF421D21919D0040A32B /* Info.plist */ = {isa = PBXFileReference; lastKnownFileType = text.plist.xml; path = Info.plist; sourceTree = "<group>"; };
		CEA1DF431D21919D0040A32B /* HeartLinkTests.swift */ = {isa = PBXFileReference; lastKnownFileType = sourcecode.swift; path = HeartLinkTests.swift; sourceTree = "<group>"; };
/* End PBXFileReference section */

/* Begin PBXFrameworksBuildPhase section */
		CEA1DF221D21919D0040A32B /* Frameworks */ = {
			isa = PBXFrameworksBuildPhase;
			buildActionMask = 2147483647;
			files = (
				CE232B951D8C79A100D92A6C /* Alamofire.framework in Frameworks */,
			);
			runOnlyForDeploymentPostprocessing = 0;
		};
		CEA1DF3A1D21919D0040A32B /* Frameworks */ = {
			isa = PBXFrameworksBuildPhase;
			buildActionMask = 2147483647;
			files = (
			);
			runOnlyForDeploymentPostprocessing = 0;
		};
/* End PBXFrameworksBuildPhase section */

/* Begin PBXGroup section */
		CE0979711D57EAAB008A8DEB /* Model */ = {
			isa = PBXGroup;
			children = (
				CE232B4A1D874FFE00D92A6C /* SwiftyJSON.swift */,
				CE0979731D57EAD4008A8DEB /* Model.swift */,
			);
			name = Model;
			sourceTree = "<group>";
		};
		CE0979721D57EAB3008A8DEB /* Controllers */ = {
			isa = PBXGroup;
			children = (
				CEA1DF2F1D21919D0040A32B /* WelcomeViewController.swift */,
				CE5CA6E41D6A073600C6263C /* DataEntryViewController.swift */,
				CE5CA6E61D6A07E700C6263C /* GameViewController.swift */,
				CE5CA6E81D6A080E00C6263C /* HealthHistory.swift */,
				CE5CA6EA1D6A084A00C6263C /* DoctorContactViewController.swift */,
				CE2482421D6C807E00E96E4F /* BloodPressureViewController.swift */,
				CE2482441D6C89D200E96E4F /* WeightViewController.swift */,
				CE2482461D6C8D6300E96E4F /* AlcoholViewController.swift */,
				CE2482481D6C90BE00E96E4F /* DietViewController.swift */,
				CE24824A1D6C93C400E96E4F /* StressViewController.swift */,
				CE24824C1D6C96B500E96E4F /* SmokeViewController.swift */,
				CE5B16991D819C6A00C60562 /* CustomCell.xib */,
				CE5B169B1D81B2A000C60562 /* InboxViewController.swift */,
				CE5B169D1D83620900C60562 /* SentViewController.swift */,
				CE232B991D8C7FAC00D92A6C /* MessageViewController.swift */,
				CE232B4C1D87504C00D92A6C /* DataManager.swift */,
				CE5B16A01D8368EC00C60562 /* InboxTableViewCell.swift */,
				CE5B16A21D836B2C00C60562 /* SentTableViewCell.swift */,
			);
			name = Controllers;
			sourceTree = "<group>";
		};
		CE232B871D8C798400D92A6C /* Products */ = {
			isa = PBXGroup;
			children = (
				CE232B8E1D8C798400D92A6C /* Alamofire.framework */,
				CE232B901D8C798400D92A6C /* Alamofire.framework */,
				CE232B921D8C798400D92A6C /* Alamofire iOS Tests.xctest */,
				CE232B941D8C798400D92A6C /* Alamofire OSX Tests.xctest */,
			);
			name = Products;
			sourceTree = "<group>";
		};
		CEA1DF1C1D21919D0040A32B = {
			isa = PBXGroup;
			children = (
				CE232B861D8C798400D92A6C /* Alamofire.xcodeproj */,
				CEA1DF271D21919D0040A32B /* HeartLink */,
				CEA1DF401D21919D0040A32B /* HeartLinkTests */,
				CEA1DF261D21919D0040A32B /* Products */,
			);
			sourceTree = "<group>";
		};
		CEA1DF261D21919D0040A32B /* Products */ = {
			isa = PBXGroup;
			children = (
				CEA1DF251D21919D0040A32B /* HeartLink.app */,
				CEA1DF3D1D21919D0040A32B /* HeartLinkTests.xctest */,
			);
			name = Products;
			sourceTree = "<group>";
		};
		CEA1DF271D21919D0040A32B /* HeartLink */ = {
			isa = PBXGroup;
			children = (
				CE0979721D57EAB3008A8DEB /* Controllers */,
				CE0979711D57EAAB008A8DEB /* Model */,
				CEA1DF2A1D21919D0040A32B /* AppDelegate.swift */,
				CEA1DF311D21919D0040A32B /* Main.storyboard */,
				CEA1DF341D21919D0040A32B /* Images.xcassets */,
				CEA1DF361D21919D0040A32B /* LaunchScreen.xib */,
				CEA1DF2C1D21919D0040A32B /* HeartLink.xcdatamodeld */,
				CEA1DF281D21919D0040A32B /* Supporting Files */,
			);
			path = HeartLink;
			sourceTree = "<group>";
		};
		CEA1DF281D21919D0040A32B /* Supporting Files */ = {
			isa = PBXGroup;
			children = (
				CE4FA2231D8F368B00EAA712 /* blue.jpg */,
				CE4FA2251D8F3B6300EAA712 /* check.png */,
				CEA1DF291D21919D0040A32B /* Info.plist */,
			);
			name = "Supporting Files";
			sourceTree = "<group>";
		};
		CEA1DF401D21919D0040A32B /* HeartLinkTests */ = {
			isa = PBXGroup;
			children = (
				CEA1DF431D21919D0040A32B /* HeartLinkTests.swift */,
				CEA1DF411D21919D0040A32B /* Supporting Files */,
			);
			path = HeartLinkTests;
			sourceTree = "<group>";
		};
		CEA1DF411D21919D0040A32B /* Supporting Files */ = {
			isa = PBXGroup;
			children = (
				CEA1DF421D21919D0040A32B /* Info.plist */,
			);
			name = "Supporting Files";
			sourceTree = "<group>";
		};
/* End PBXGroup section */

/* Begin PBXNativeTarget section */
		CEA1DF241D21919D0040A32B /* HeartLink */ = {
			isa = PBXNativeTarget;
			buildConfigurationList = CEA1DF471D21919D0040A32B /* Build configuration list for PBXNativeTarget "HeartLink" */;
			buildPhases = (
				CEA1DF211D21919D0040A32B /* Sources */,
				CEA1DF221D21919D0040A32B /* Frameworks */,
				CEA1DF231D21919D0040A32B /* Resources */,
				CE232B831D8758B800D92A6C /* Embed Frameworks */,
			);
			buildRules = (
			);
			dependencies = (
				CE232B981D8C79A100D92A6C /* PBXTargetDependency */,
			);
			name = HeartLink;
			productName = HeartLink;
			productReference = CEA1DF251D21919D0040A32B /* HeartLink.app */;
			productType = "com.apple.product-type.application";
		};
		CEA1DF3C1D21919D0040A32B /* HeartLinkTests */ = {
			isa = PBXNativeTarget;
			buildConfigurationList = CEA1DF4A1D21919D0040A32B /* Build configuration list for PBXNativeTarget "HeartLinkTests" */;
			buildPhases = (
				CEA1DF391D21919D0040A32B /* Sources */,
				CEA1DF3A1D21919D0040A32B /* Frameworks */,
				CEA1DF3B1D21919D0040A32B /* Resources */,
			);
			buildRules = (
			);
			dependencies = (
				CEA1DF3F1D21919D0040A32B /* PBXTargetDependency */,
			);
			name = HeartLinkTests;
			productName = HeartLinkTests;
			productReference = CEA1DF3D1D21919D0040A32B /* HeartLinkTests.xctest */;
			productType = "com.apple.product-type.bundle.unit-test";
		};
/* End PBXNativeTarget section */

/* Begin PBXProject section */
		CEA1DF1D1D21919D0040A32B /* Project object */ = {
			isa = PBXProject;
			attributes = {
				LastUpgradeCheck = 0630;
				ORGANIZATIONNAME = Max;
				TargetAttributes = {
					CEA1DF241D21919D0040A32B = {
						CreatedOnToolsVersion = 6.3;
					};
					CEA1DF3C1D21919D0040A32B = {
						CreatedOnToolsVersion = 6.3;
						TestTargetID = CEA1DF241D21919D0040A32B;
					};
				};
			};
			buildConfigurationList = CEA1DF201D21919D0040A32B /* Build configuration list for PBXProject "HeartLink" */;
			compatibilityVersion = "Xcode 3.2";
			developmentRegion = English;
			hasScannedForEncodings = 0;
			knownRegions = (
				en,
				Base,
			);
			mainGroup = CEA1DF1C1D21919D0040A32B;
			productRefGroup = CEA1DF261D21919D0040A32B /* Products */;
			projectDirPath = "";
			projectReferences = (
				{
					ProductGroup = CE232B871D8C798400D92A6C /* Products */;
					ProjectRef = CE232B861D8C798400D92A6C /* Alamofire.xcodeproj */;
				},
			);
			projectRoot = "";
			targets = (
				CEA1DF241D21919D0040A32B /* HeartLink */,
				CEA1DF3C1D21919D0040A32B /* HeartLinkTests */,
			);
		};
/* End PBXProject section */

/* Begin PBXReferenceProxy section */
		CE232B8E1D8C798400D92A6C /* Alamofire.framework */ = {
			isa = PBXReferenceProxy;
			fileType = wrapper.framework;
			path = Alamofire.framework;
			remoteRef = CE232B8D1D8C798400D92A6C /* PBXContainerItemProxy */;
			sourceTree = BUILT_PRODUCTS_DIR;
		};
		CE232B901D8C798400D92A6C /* Alamofire.framework */ = {
			isa = PBXReferenceProxy;
			fileType = wrapper.framework;
			path = Alamofire.framework;
			remoteRef = CE232B8F1D8C798400D92A6C /* PBXContainerItemProxy */;
			sourceTree = BUILT_PRODUCTS_DIR;
		};
		CE232B921D8C798400D92A6C /* Alamofire iOS Tests.xctest */ = {
			isa = PBXReferenceProxy;
			fileType = wrapper.cfbundle;
			path = "Alamofire iOS Tests.xctest";
			remoteRef = CE232B911D8C798400D92A6C /* PBXContainerItemProxy */;
			sourceTree = BUILT_PRODUCTS_DIR;
		};
		CE232B941D8C798400D92A6C /* Alamofire OSX Tests.xctest */ = {
			isa = PBXReferenceProxy;
			fileType = wrapper.cfbundle;
			path = "Alamofire OSX Tests.xctest";
			remoteRef = CE232B931D8C798400D92A6C /* PBXContainerItemProxy */;
			sourceTree = BUILT_PRODUCTS_DIR;
		};
/* End PBXReferenceProxy section */

/* Begin PBXResourcesBuildPhase section */
		CEA1DF231D21919D0040A32B /* Resources */ = {
			isa = PBXResourcesBuildPhase;
			buildActionMask = 2147483647;
			files = (
				CE4FA2261D8F3B6300EAA712 /* check.png in Resources */,
				CEA1DF331D21919D0040A32B /* Main.storyboard in Resources */,
				CE4FA2241D8F368B00EAA712 /* blue.jpg in Resources */,
				CEA1DF381D21919D0040A32B /* LaunchScreen.xib in Resources */,
				CE5B169A1D819C6A00C60562 /* CustomCell.xib in Resources */,
				CEA1DF351D21919D0040A32B /* Images.xcassets in Resources */,
			);
			runOnlyForDeploymentPostprocessing = 0;
		};
		CEA1DF3B1D21919D0040A32B /* Resources */ = {
			isa = PBXResourcesBuildPhase;
			buildActionMask = 2147483647;
			files = (
			);
			runOnlyForDeploymentPostprocessing = 0;
		};
/* End PBXResourcesBuildPhase section */

/* Begin PBXSourcesBuildPhase section */
		CEA1DF211D21919D0040A32B /* Sources */ = {
			isa = PBXSourcesBuildPhase;
			buildActionMask = 2147483647;
			files = (
				CEA1DF301D21919D0040A32B /* WelcomeViewController.swift in Sources */,
				CE232B4D1D87504C00D92A6C /* DataManager.swift in Sources */,
				CE5CA6E51D6A073600C6263C /* DataEntryViewController.swift in Sources */,
				CEA1DF2E1D21919D0040A32B /* HeartLink.xcdatamodeld in Sources */,
				CE5CA6E91D6A080E00C6263C /* HealthHistory.swift in Sources */,
				CE2482451D6C89D200E96E4F /* WeightViewController.swift in Sources */,
				CE5B16A31D836B2C00C60562 /* SentTableViewCell.swift in Sources */,
				CE5B16A11D8368EC00C60562 /* InboxTableViewCell.swift in Sources */,
				CE232B4B1D874FFE00D92A6C /* SwiftyJSON.swift in Sources */,
				CE2482431D6C807E00E96E4F /* BloodPressureViewController.swift in Sources */,
				CE24824D1D6C96B500E96E4F /* SmokeViewController.swift in Sources */,
				CEA1DF2B1D21919D0040A32B /* AppDelegate.swift in Sources */,
				CE2482471D6C8D6300E96E4F /* AlcoholViewController.swift in Sources */,
				CE232B9A1D8C7FAC00D92A6C /* MessageViewController.swift in Sources */,
				CE2482491D6C90BE00E96E4F /* DietViewController.swift in Sources */,
				CE5B169C1D81B2A000C60562 /* InboxViewController.swift in Sources */,
				CE24824B1D6C93C400E96E4F /* StressViewController.swift in Sources */,
				CE5B169E1D83620900C60562 /* SentViewController.swift in Sources */,
				CE5CA6E71D6A07E700C6263C /* GameViewController.swift in Sources */,
				CE5CA6EB1D6A084A00C6263C /* DoctorContactViewController.swift in Sources */,
				CE0979741D57EAD4008A8DEB /* Model.swift in Sources */,
			);
			runOnlyForDeploymentPostprocessing = 0;
		};
		CEA1DF391D21919D0040A32B /* Sources */ = {
			isa = PBXSourcesBuildPhase;
			buildActionMask = 2147483647;
			files = (
				CEA1DF441D21919D0040A32B /* HeartLinkTests.swift in Sources */,
			);
			runOnlyForDeploymentPostprocessing = 0;
		};
/* End PBXSourcesBuildPhase section */

/* Begin PBXTargetDependency section */
		CE232B981D8C79A100D92A6C /* PBXTargetDependency */ = {
			isa = PBXTargetDependency;
			name = "Alamofire iOS";
			targetProxy = CE232B971D8C79A100D92A6C /* PBXContainerItemProxy */;
		};
		CEA1DF3F1D21919D0040A32B /* PBXTargetDependency */ = {
			isa = PBXTargetDependency;
			target = CEA1DF241D21919D0040A32B /* HeartLink */;
			targetProxy = CEA1DF3E1D21919D0040A32B /* PBXContainerItemProxy */;
		};
/* End PBXTargetDependency section */

/* Begin PBXVariantGroup section */
		CEA1DF311D21919D0040A32B /* Main.storyboard */ = {
			isa = PBXVariantGroup;
			children = (
				CEA1DF321D21919D0040A32B /* Base */,
			);
			name = Main.storyboard;
			sourceTree = "<group>";
		};
		CEA1DF361D21919D0040A32B /* LaunchScreen.xib */ = {
			isa = PBXVariantGroup;
			children = (
				CEA1DF371D21919D0040A32B /* Base */,
			);
			name = LaunchScreen.xib;
			sourceTree = "<group>";
		};
/* End PBXVariantGroup section */

/* Begin XCBuildConfiguration section */
		CEA1DF451D21919D0040A32B /* Debug */ = {
			isa = XCBuildConfiguration;
			buildSettings = {
				ALWAYS_SEARCH_USER_PATHS = NO;
				CLANG_CXX_LANGUAGE_STANDARD = "gnu++0x";
				CLANG_CXX_LIBRARY = "libc++";
				CLANG_ENABLE_MODULES = YES;
				CLANG_ENABLE_OBJC_ARC = YES;
				CLANG_WARN_BOOL_CONVERSION = YES;
				CLANG_WARN_CONSTANT_CONVERSION = YES;
				CLANG_WARN_DIRECT_OBJC_ISA_USAGE = YES_ERROR;
				CLANG_WARN_EMPTY_BODY = YES;
				CLANG_WARN_ENUM_CONVERSION = YES;
				CLANG_WARN_INT_CONVERSION = YES;
				CLANG_WARN_OBJC_ROOT_CLASS = YES_ERROR;
				CLANG_WARN_UNREACHABLE_CODE = YES;
				CLANG_WARN__DUPLICATE_METHOD_MATCH = YES;
				"CODE_SIGN_IDENTITY[sdk=iphoneos*]" = "iPhone Developer";
				COPY_PHASE_STRIP = NO;
				DEBUG_INFORMATION_FORMAT = "dwarf-with-dsym";
				ENABLE_STRICT_OBJC_MSGSEND = YES;
				GCC_C_LANGUAGE_STANDARD = gnu99;
				GCC_DYNAMIC_NO_PIC = NO;
				GCC_NO_COMMON_BLOCKS = YES;
				GCC_OPTIMIZATION_LEVEL = 0;
				GCC_PREPROCESSOR_DEFINITIONS = (
					"DEBUG=1",
					"$(inherited)",
				);
				GCC_SYMBOLS_PRIVATE_EXTERN = NO;
				GCC_WARN_64_TO_32_BIT_CONVERSION = YES;
				GCC_WARN_ABOUT_RETURN_TYPE = YES_ERROR;
				GCC_WARN_UNDECLARED_SELECTOR = YES;
				GCC_WARN_UNINITIALIZED_AUTOS = YES_AGGRESSIVE;
				GCC_WARN_UNUSED_FUNCTION = YES;
				GCC_WARN_UNUSED_VARIABLE = YES;
				IPHONEOS_DEPLOYMENT_TARGET = 8.3;
				MTL_ENABLE_DEBUG_INFO = YES;
				ONLY_ACTIVE_ARCH = YES;
				SDKROOT = iphoneos;
				SWIFT_OPTIMIZATION_LEVEL = "-Onone";
				TARGETED_DEVICE_FAMILY = "1,2";
			};
			name = Debug;
		};
		CEA1DF461D21919D0040A32B /* Release */ = {
			isa = XCBuildConfiguration;
			buildSettings = {
				ALWAYS_SEARCH_USER_PATHS = NO;
				CLANG_CXX_LANGUAGE_STANDARD = "gnu++0x";
				CLANG_CXX_LIBRARY = "libc++";
				CLANG_ENABLE_MODULES = YES;
				CLANG_ENABLE_OBJC_ARC = YES;
				CLANG_WARN_BOOL_CONVERSION = YES;
				CLANG_WARN_CONSTANT_CONVERSION = YES;
				CLANG_WARN_DIRECT_OBJC_ISA_USAGE = YES_ERROR;
				CLANG_WARN_EMPTY_BODY = YES;
				CLANG_WARN_ENUM_CONVERSION = YES;
				CLANG_WARN_INT_CONVERSION = YES;
				CLANG_WARN_OBJC_ROOT_CLASS = YES_ERROR;
				CLANG_WARN_UNREACHABLE_CODE = YES;
				CLANG_WARN__DUPLICATE_METHOD_MATCH = YES;
				"CODE_SIGN_IDENTITY[sdk=iphoneos*]" = "iPhone Developer";
				COPY_PHASE_STRIP = NO;
				DEBUG_INFORMATION_FORMAT = "dwarf-with-dsym";
				ENABLE_NS_ASSERTIONS = NO;
				ENABLE_STRICT_OBJC_MSGSEND = YES;
				GCC_C_LANGUAGE_STANDARD = gnu99;
				GCC_NO_COMMON_BLOCKS = YES;
				GCC_WARN_64_TO_32_BIT_CONVERSION = YES;
				GCC_WARN_ABOUT_RETURN_TYPE = YES_ERROR;
				GCC_WARN_UNDECLARED_SELECTOR = YES;
				GCC_WARN_UNINITIALIZED_AUTOS = YES_AGGRESSIVE;
				GCC_WARN_UNUSED_FUNCTION = YES;
				GCC_WARN_UNUSED_VARIABLE = YES;
				IPHONEOS_DEPLOYMENT_TARGET = 8.3;
				MTL_ENABLE_DEBUG_INFO = NO;
				SDKROOT = iphoneos;
				TARGETED_DEVICE_FAMILY = "1,2";
				VALIDATE_PRODUCT = YES;
			};
			name = Release;
		};
		CEA1DF481D21919D0040A32B /* Debug */ = {
			isa = XCBuildConfiguration;
			buildSettings = {
				ASSETCATALOG_COMPILER_APPICON_NAME = AppIcon;
				INFOPLIST_FILE = HeartLink/Info.plist;
				LD_RUNPATH_SEARCH_PATHS = "$(inherited) @executable_path/Frameworks";
				PRODUCT_NAME = "$(TARGET_NAME)";
			};
			name = Debug;
		};
		CEA1DF491D21919D0040A32B /* Release */ = {
			isa = XCBuildConfiguration;
			buildSettings = {
				ASSETCATALOG_COMPILER_APPICON_NAME = AppIcon;
				INFOPLIST_FILE = HeartLink/Info.plist;
				LD_RUNPATH_SEARCH_PATHS = "$(inherited) @executable_path/Frameworks";
				PRODUCT_NAME = "$(TARGET_NAME)";
			};
			name = Release;
		};
		CEA1DF4B1D21919D0040A32B /* Debug */ = {
			isa = XCBuildConfiguration;
			buildSettings = {
				BUNDLE_LOADER = "$(TEST_HOST)";
				FRAMEWORK_SEARCH_PATHS = (
					"$(SDKROOT)/Developer/Library/Frameworks",
					"$(inherited)",
				);
				GCC_PREPROCESSOR_DEFINITIONS = (
					"DEBUG=1",
					"$(inherited)",
				);
				INFOPLIST_FILE = HeartLinkTests/Info.plist;
				LD_RUNPATH_SEARCH_PATHS = "$(inherited) @executable_path/Frameworks @loader_path/Frameworks";
				PRODUCT_NAME = "$(TARGET_NAME)";
				TEST_HOST = "$(BUILT_PRODUCTS_DIR)/HeartLink.app/HeartLink";
			};
			name = Debug;
		};
		CEA1DF4C1D21919D0040A32B /* Release */ = {
			isa = XCBuildConfiguration;
			buildSettings = {
				BUNDLE_LOADER = "$(TEST_HOST)";
				FRAMEWORK_SEARCH_PATHS = (
					"$(SDKROOT)/Developer/Library/Frameworks",
					"$(inherited)",
				);
				INFOPLIST_FILE = HeartLinkTests/Info.plist;
				LD_RUNPATH_SEARCH_PATHS = "$(inherited) @executable_path/Frameworks @loader_path/Frameworks";
				PRODUCT_NAME = "$(TARGET_NAME)";
				TEST_HOST = "$(BUILT_PRODUCTS_DIR)/HeartLink.app/HeartLink";
			};
			name = Release;
		};
/* End XCBuildConfiguration section */

/* Begin XCConfigurationList section */
		CEA1DF201D21919D0040A32B /* Build configuration list for PBXProject "HeartLink" */ = {
			isa = XCConfigurationList;
			buildConfigurations = (
				CEA1DF451D21919D0040A32B /* Debug */,
				CEA1DF461D21919D0040A32B /* Release */,
			);
			defaultConfigurationIsVisible = 0;
			defaultConfigurationName = Release;
		};
		CEA1DF471D21919D0040A32B /* Build configuration list for PBXNativeTarget "HeartLink" */ = {
			isa = XCConfigurationList;
			buildConfigurations = (
				CEA1DF481D21919D0040A32B /* Debug */,
				CEA1DF491D21919D0040A32B /* Release */,
			);
			defaultConfigurationIsVisible = 0;
			defaultConfigurationName = Release;
		};
		CEA1DF4A1D21919D0040A32B /* Build configuration list for PBXNativeTarget "HeartLinkTests" */ = {
			isa = XCConfigurationList;
			buildConfigurations = (
				CEA1DF4B1D21919D0040A32B /* Debug */,
				CEA1DF4C1D21919D0040A32B /* Release */,
			);
			defaultConfigurationIsVisible = 0;
			defaultConfigurationName = Release;
		};
/* End XCConfigurationList section */

/* Begin XCVersionGroup section */
		CEA1DF2C1D21919D0040A32B /* HeartLink.xcdatamodeld */ = {
			isa = XCVersionGroup;
			children = (
				CEA1DF2D1D21919D0040A32B /* HeartLink.xcdatamodel */,
			);
			currentVersion = CEA1DF2D1D21919D0040A32B /* HeartLink.xcdatamodel */;
			path = HeartLink.xcdatamodeld;
			sourceTree = "<group>";
			versionGroupType = wrapper.xcdatamodel;
		};
/* End XCVersionGroup section */
	};
	rootObject = CEA1DF1D1D21919D0040A32B /* Project object */;
}
